
Microsoft Visual Studio Solution File, Format Version 12.00
# Visual Studio Version 16
VisualStudioVersion = 16.0.31129.286
MinimumVisualStudioVersion = 10.0.40219.1
Project("{FAE04EC0-301F-11D3-BF4B-00C04F79EFBC}") = "KirtasiyeUygulamasi", "KirtasiyeUygulamasi\KirtasiyeUygulamasi.csproj", "{1E601DA3-1B41-45F4-85FA-4D4BE1B32899}"
EndProject
Project("{54435603-DBB4-11D2-8724-00A0C9A8B90C}") = "KırtasiyeSetup", "KırtasiyeSetup\KırtasiyeSetup.vdproj", "{615A8A5B-E64D-4D6E-8D2E-6AEBD2691191}"
EndProject
Global
	GlobalSection(SolutionConfigurationPlatforms) = preSolution
		Debug|Any CPU = Debug|Any CPU
		Release|Any CPU = Release|Any CPU
	EndGlobalSection
	GlobalSection(ProjectConfigurationPlatforms) = postSolution
		{1E601DA3-1B41-45F4-85FA-4D4BE1B32899}.Debug|Any CPU.ActiveCfg = Debug|Any CPU
		{1E601DA3-1B41-45F4-85FA-4D4BE1B32899}.Debug|Any CPU.Build.0 = Debug|Any CPU
		{1E601DA3-1B41-45F4-85FA-4D4BE1B32899}.Release|Any CPU.ActiveCfg = Release|Any CPU
		{1E601DA3-1B41-45F4-85FA-4D4BE1B32899}.Release|Any CPU.Build.0 = Release|Any CPU
		{615A8A5B-E64D-4D6E-8D2E-6AEBD2691191}.Debug|Any CPU.ActiveCfg = Debug
		{615A8A5B-E64D-4D6E-8D2E-6AEBD2691191}.Release|Any CPU.ActiveCfg = Release
	EndGlobalSection
	GlobalSection(SolutionProperties) = preSolution
		HideSolutionNode = FALSE
	EndGlobalSection
	GlobalSection(ExtensibilityGlobals) = postSolution
		SolutionGuid = {478C07B8-6658-49A2-AA22-B4E5E8DC682C}
	EndGlobalSection
EndGlobal
