
Microsoft Visual Studio Solution File, Format Version 12.00
# Visual Studio Version 16
VisualStudioVersion = 16.0.31129.286
MinimumVisualStudioVersion = 10.0.40219.1
Project("{FAE04EC0-301F-11D3-BF4B-00C04F79EFBC}") = "VTIveDI", "VTIveDI\VTIveDI.csproj", "{87683DC2-C197-463F-9F96-08424B4CFBAB}"
EndProject
Global
	GlobalSection(SolutionConfigurationPlatforms) = preSolution
		Debug|Any CPU = Debug|Any CPU
		Release|Any CPU = Release|Any CPU
	EndGlobalSection
	GlobalSection(ProjectConfigurationPlatforms) = postSolution
		{87683DC2-C197-463F-9F96-08424B4CFBAB}.Debug|Any CPU.ActiveCfg = Debug|Any CPU
		{87683DC2-C197-463F-9F96-08424B4CFBAB}.Debug|Any CPU.Build.0 = Debug|Any CPU
		{87683DC2-C197-463F-9F96-08424B4CFBAB}.Release|Any CPU.ActiveCfg = Release|Any CPU
		{87683DC2-C197-463F-9F96-08424B4CFBAB}.Release|Any CPU.Build.0 = Release|Any CPU
	EndGlobalSection
	GlobalSection(SolutionProperties) = preSolution
		HideSolutionNode = FALSE
	EndGlobalSection
	GlobalSection(ExtensibilityGlobals) = postSolution
		SolutionGuid = {CF2D4DAE-D05B-4ADB-96B4-363AE562A34F}
	EndGlobalSection
EndGlobal
